
Microsoft Visual Studio Solution File, Format Version 12.00
# Visual Studio Version 16
VisualStudioVersion = 16.0.31424.327
MinimumVisualStudioVersion = 10.0.40219.1
Project("{2150E333-8FDC-42A3-9474-1A3956D46DE8}") = "Services", "Services", "{48B8648F-F599-4C1B-8392-ADB06B456FCC}"
EndProject
Project("{2150E333-8FDC-42A3-9474-1A3956D46DE8}") = "Catalog", "Catalog", "{AE14D194-C6D3-434B-A1F2-7C8CA432E09A}"
EndProject
Project("{FAE04EC0-301F-11D3-BF4B-00C04F79EFBC}") = "Catalog.Api", "Services\Catalog\Catalog.Api\Catalog.Api.csproj", "{4FBD9372-D633-47BA-B9EE-49DF692E599C}"
EndProject
Global
	GlobalSection(SolutionConfigurationPlatforms) = preSolution
		Debug|Any CPU = Debug|Any CPU
		Release|Any CPU = Release|Any CPU
	EndGlobalSection
	GlobalSection(ProjectConfigurationPlatforms) = postSolution
		{4FBD9372-D633-47BA-B9EE-49DF692E599C}.Debug|Any CPU.ActiveCfg = Debug|Any CPU
		{4FBD9372-D633-47BA-B9EE-49DF692E599C}.Debug|Any CPU.Build.0 = Debug|Any CPU
		{4FBD9372-D633-47BA-B9EE-49DF692E599C}.Release|Any CPU.ActiveCfg = Release|Any CPU
		{4FBD9372-D633-47BA-B9EE-49DF692E599C}.Release|Any CPU.Build.0 = Release|Any CPU
	EndGlobalSection
	GlobalSection(SolutionProperties) = preSolution
		HideSolutionNode = FALSE
	EndGlobalSection
	GlobalSection(NestedProjects) = preSolution
		{AE14D194-C6D3-434B-A1F2-7C8CA432E09A} = {48B8648F-F599-4C1B-8392-ADB06B456FCC}
		{4FBD9372-D633-47BA-B9EE-49DF692E599C} = {AE14D194-C6D3-434B-A1F2-7C8CA432E09A}
	EndGlobalSection
	GlobalSection(ExtensibilityGlobals) = postSolution
		SolutionGuid = {DC36D524-6917-408A-8B6D-F6C5798A9305}
	EndGlobalSection
EndGlobal
